
Microsoft Visual Studio Solution File, Format Version 12.00
# Visual Studio Version 17
VisualStudioVersion = 17.11.35222.181
MinimumVisualStudioVersion = 10.0.40219.1
Project("{FAE04EC0-301F-11D3-BF4B-00C04F79EFBC}") = "ConsoleApp1", "ConsoleApp1\ConsoleApp1.csproj", "{05EADCD4-A6DE-4AF5-971B-78BAA8CBCAFA}"
EndProject
Global
	GlobalSection(SolutionConfigurationPlatforms) = preSolution
		Debug|Any CPU = Debug|Any CPU
		Release|Any CPU = Release|Any CPU
	EndGlobalSection
	GlobalSection(ProjectConfigurationPlatforms) = postSolution
		{05EADCD4-A6DE-4AF5-971B-78BAA8CBCAFA}.Debug|Any CPU.ActiveCfg = Debug|Any CPU
		{05EADCD4-A6DE-4AF5-971B-78BAA8CBCAFA}.Debug|Any CPU.Build.0 = Debug|Any CPU
		{05EADCD4-A6DE-4AF5-971B-78BAA8CBCAFA}.Release|Any CPU.ActiveCfg = Release|Any CPU
		{05EADCD4-A6DE-4AF5-971B-78BAA8CBCAFA}.Release|Any CPU.Build.0 = Release|Any CPU
	EndGlobalSection
	GlobalSection(SolutionProperties) = preSolution
		HideSolutionNode = FALSE
	EndGlobalSection
	GlobalSection(ExtensibilityGlobals) = postSolution
		SolutionGuid = {76B48E38-6DCE-4FD4-BBDD-3E338D20334D}
	EndGlobalSection
EndGlobal
